
Microsoft Visual Studio Solution File, Format Version 12.00
# Visual Studio Version 17
VisualStudioVersion = 17.4.33205.214
MinimumVisualStudioVersion = 10.0.40219.1
Project("{FAE04EC0-301F-11D3-BF4B-00C04F79EFBC}") = "MarketplaceAPI", "MarketplaceAPI\MarketplaceAPI.csproj", "{FEDD6E7A-E02B-40DC-9E0C-75A6E4B705D8}"
EndProject
Global
	GlobalSection(SolutionConfigurationPlatforms) = preSolution
		Debug|Any CPU = Debug|Any CPU
		Release|Any CPU = Release|Any CPU
	EndGlobalSection
	GlobalSection(ProjectConfigurationPlatforms) = postSolution
		{FEDD6E7A-E02B-40DC-9E0C-75A6E4B705D8}.Debug|Any CPU.ActiveCfg = Debug|Any CPU
		{FEDD6E7A-E02B-40DC-9E0C-75A6E4B705D8}.Debug|Any CPU.Build.0 = Debug|Any CPU
		{FEDD6E7A-E02B-40DC-9E0C-75A6E4B705D8}.Release|Any CPU.ActiveCfg = Release|Any CPU
		{FEDD6E7A-E02B-40DC-9E0C-75A6E4B705D8}.Release|Any CPU.Build.0 = Release|Any CPU
	EndGlobalSection
	GlobalSection(SolutionProperties) = preSolution
		HideSolutionNode = FALSE
	EndGlobalSection
	GlobalSection(ExtensibilityGlobals) = postSolution
		SolutionGuid = {5B0CA7E5-C80D-4E1B-B3FC-9EC884B1CFD8}
	EndGlobalSection
EndGlobal
